
Microsoft Visual Studio Solution File, Format Version 12.00
# Visual Studio Version 17
VisualStudioVersion = 17.4.33205.214
MinimumVisualStudioVersion = 10.0.40219.1
Project("{FAE04EC0-301F-11D3-BF4B-00C04F79EFBC}") = "calculator", "calculator\calculator.csproj", "{78417990-C6E9-41ED-9D8E-1178F6CF0EBB}"
EndProject
Global
	GlobalSection(SolutionConfigurationPlatforms) = preSolution
		Debug|Any CPU = Debug|Any CPU
		Release|Any CPU = Release|Any CPU
	EndGlobalSection
	GlobalSection(ProjectConfigurationPlatforms) = postSolution
		{78417990-C6E9-41ED-9D8E-1178F6CF0EBB}.Debug|Any CPU.ActiveCfg = Debug|Any CPU
		{78417990-C6E9-41ED-9D8E-1178F6CF0EBB}.Debug|Any CPU.Build.0 = Debug|Any CPU
		{78417990-C6E9-41ED-9D8E-1178F6CF0EBB}.Release|Any CPU.ActiveCfg = Release|Any CPU
		{78417990-C6E9-41ED-9D8E-1178F6CF0EBB}.Release|Any CPU.Build.0 = Release|Any CPU
	EndGlobalSection
	GlobalSection(SolutionProperties) = preSolution
		HideSolutionNode = FALSE
	EndGlobalSection
	GlobalSection(ExtensibilityGlobals) = postSolution
		SolutionGuid = {0AC4DA71-0226-48BC-9DA0-4C9D9102ACC1}
	EndGlobalSection
EndGlobal
